
Microsoft Visual Studio Solution File, Format Version 12.00
# Visual Studio Version 17
VisualStudioVersion = 17.10.35013.160
MinimumVisualStudioVersion = 10.0.40219.1
Project("{FAE04EC0-301F-11D3-BF4B-00C04F79EFBC}") = "Hangfire.API", "src\Hangfire.API\Hangfire.API.csproj", "{32AF7C66-107C-462D-BF70-9028CE3856A8}"
EndProject
Global
	GlobalSection(SolutionConfigurationPlatforms) = preSolution
		Debug|Any CPU = Debug|Any CPU
		Release|Any CPU = Release|Any CPU
	EndGlobalSection
	GlobalSection(ProjectConfigurationPlatforms) = postSolution
		{32AF7C66-107C-462D-BF70-9028CE3856A8}.Debug|Any CPU.ActiveCfg = Debug|Any CPU
		{32AF7C66-107C-462D-BF70-9028CE3856A8}.Debug|Any CPU.Build.0 = Debug|Any CPU
		{32AF7C66-107C-462D-BF70-9028CE3856A8}.Release|Any CPU.ActiveCfg = Release|Any CPU
		{32AF7C66-107C-462D-BF70-9028CE3856A8}.Release|Any CPU.Build.0 = Release|Any CPU
	EndGlobalSection
	GlobalSection(SolutionProperties) = preSolution
		HideSolutionNode = FALSE
	EndGlobalSection
	GlobalSection(ExtensibilityGlobals) = postSolution
		SolutionGuid = {AA52DE25-BFA9-4A2F-B907-E1B93728781E}
	EndGlobalSection
EndGlobal
